
Microsoft Visual Studio Solution File, Format Version 12.00
# Visual Studio Version 17
VisualStudioVersion = 17.4.33122.133
MinimumVisualStudioVersion = 10.0.40219.1
Project("{FAE04EC0-301F-11D3-BF4B-00C04F79EFBC}") = "ConsoleApp1", "ConsoleApp1\ConsoleApp1.csproj", "{863E49FC-7EAC-4299-8EC9-32259AA7F304}"
EndProject
Global
	GlobalSection(SolutionConfigurationPlatforms) = preSolution
		Debug|Any CPU = Debug|Any CPU
		Release|Any CPU = Release|Any CPU
	EndGlobalSection
	GlobalSection(ProjectConfigurationPlatforms) = postSolution
		{863E49FC-7EAC-4299-8EC9-32259AA7F304}.Debug|Any CPU.ActiveCfg = Debug|Any CPU
		{863E49FC-7EAC-4299-8EC9-32259AA7F304}.Debug|Any CPU.Build.0 = Debug|Any CPU
		{863E49FC-7EAC-4299-8EC9-32259AA7F304}.Release|Any CPU.ActiveCfg = Release|Any CPU
		{863E49FC-7EAC-4299-8EC9-32259AA7F304}.Release|Any CPU.Build.0 = Release|Any CPU
	EndGlobalSection
	GlobalSection(SolutionProperties) = preSolution
		HideSolutionNode = FALSE
	EndGlobalSection
	GlobalSection(ExtensibilityGlobals) = postSolution
		SolutionGuid = {1B89490F-A4C6-47E5-80DE-33C8833602D1}
	EndGlobalSection
EndGlobal
